
Microsoft Visual Studio Solution File, Format Version 12.00
# Visual Studio Version 16
VisualStudioVersion = 16.0.30517.126
MinimumVisualStudioVersion = 10.0.40219.1
Project("{8BC9CEB8-8B4A-11D0-8D11-00A0C91BC942}") = "lab_4", "lab_4.vcxproj", "{A5FD8576-1C7D-47A2-AE4D-CB8461C89892}"
EndProject
Project("{FAE04EC0-301F-11D3-BF4B-00C04F79EFBC}") = "lab_4_cs", "..\lab_4_cs\lab_4_cs.csproj", "{1B479F50-44DC-4EAE-BCCA-4EB4E5EC0493}"
EndProject
Project("{FAE04EC0-301F-11D3-BF4B-00C04F79EFBC}") = "lab_4_lib", "..\lab_4_lib\lab_4_lib.csproj", "{D11940D3-2951-4BA4-AAE5-48EAFC82F850}"
EndProject
Global
	GlobalSection(SolutionConfigurationPlatforms) = preSolution
		Debug|Any CPU = Debug|Any CPU
		Debug|x64 = Debug|x64
		Debug|x86 = Debug|x86
		Release|Any CPU = Release|Any CPU
		Release|x64 = Release|x64
		Release|x86 = Release|x86
	EndGlobalSection
	GlobalSection(ProjectConfigurationPlatforms) = postSolution
		{A5FD8576-1C7D-47A2-AE4D-CB8461C89892}.Debug|Any CPU.ActiveCfg = Debug|Win32
		{A5FD8576-1C7D-47A2-AE4D-CB8461C89892}.Debug|x64.ActiveCfg = Debug|x64
		{A5FD8576-1C7D-47A2-AE4D-CB8461C89892}.Debug|x64.Build.0 = Debug|x64
		{A5FD8576-1C7D-47A2-AE4D-CB8461C89892}.Debug|x86.ActiveCfg = Debug|Win32
		{A5FD8576-1C7D-47A2-AE4D-CB8461C89892}.Debug|x86.Build.0 = Debug|Win32
		{A5FD8576-1C7D-47A2-AE4D-CB8461C89892}.Release|Any CPU.ActiveCfg = Release|Win32
		{A5FD8576-1C7D-47A2-AE4D-CB8461C89892}.Release|x64.ActiveCfg = Release|x64
		{A5FD8576-1C7D-47A2-AE4D-CB8461C89892}.Release|x64.Build.0 = Release|x64
		{A5FD8576-1C7D-47A2-AE4D-CB8461C89892}.Release|x86.ActiveCfg = Release|Win32
		{A5FD8576-1C7D-47A2-AE4D-CB8461C89892}.Release|x86.Build.0 = Release|Win32
		{1B479F50-44DC-4EAE-BCCA-4EB4E5EC0493}.Debug|Any CPU.ActiveCfg = Debug|Any CPU
		{1B479F50-44DC-4EAE-BCCA-4EB4E5EC0493}.Debug|Any CPU.Build.0 = Debug|Any CPU
		{1B479F50-44DC-4EAE-BCCA-4EB4E5EC0493}.Debug|x64.ActiveCfg = Debug|Any CPU
		{1B479F50-44DC-4EAE-BCCA-4EB4E5EC0493}.Debug|x64.Build.0 = Debug|Any CPU
		{1B479F50-44DC-4EAE-BCCA-4EB4E5EC0493}.Debug|x86.ActiveCfg = Debug|Any CPU
		{1B479F50-44DC-4EAE-BCCA-4EB4E5EC0493}.Debug|x86.Build.0 = Debug|Any CPU
		{1B479F50-44DC-4EAE-BCCA-4EB4E5EC0493}.Release|Any CPU.ActiveCfg = Release|Any CPU
		{1B479F50-44DC-4EAE-BCCA-4EB4E5EC0493}.Release|Any CPU.Build.0 = Release|Any CPU
		{1B479F50-44DC-4EAE-BCCA-4EB4E5EC0493}.Release|x64.ActiveCfg = Release|Any CPU
		{1B479F50-44DC-4EAE-BCCA-4EB4E5EC0493}.Release|x64.Build.0 = Release|Any CPU
		{1B479F50-44DC-4EAE-BCCA-4EB4E5EC0493}.Release|x86.ActiveCfg = Release|Any CPU
		{1B479F50-44DC-4EAE-BCCA-4EB4E5EC0493}.Release|x86.Build.0 = Release|Any CPU
		{D11940D3-2951-4BA4-AAE5-48EAFC82F850}.Debug|Any CPU.ActiveCfg = Debug|Any CPU
		{D11940D3-2951-4BA4-AAE5-48EAFC82F850}.Debug|Any CPU.Build.0 = Debug|Any CPU
		{D11940D3-2951-4BA4-AAE5-48EAFC82F850}.Debug|x64.ActiveCfg = Debug|Any CPU
		{D11940D3-2951-4BA4-AAE5-48EAFC82F850}.Debug|x64.Build.0 = Debug|Any CPU
		{D11940D3-2951-4BA4-AAE5-48EAFC82F850}.Debug|x86.ActiveCfg = Debug|Any CPU
		{D11940D3-2951-4BA4-AAE5-48EAFC82F850}.Debug|x86.Build.0 = Debug|Any CPU
		{D11940D3-2951-4BA4-AAE5-48EAFC82F850}.Release|Any CPU.ActiveCfg = Release|Any CPU
		{D11940D3-2951-4BA4-AAE5-48EAFC82F850}.Release|Any CPU.Build.0 = Release|Any CPU
		{D11940D3-2951-4BA4-AAE5-48EAFC82F850}.Release|x64.ActiveCfg = Release|Any CPU
		{D11940D3-2951-4BA4-AAE5-48EAFC82F850}.Release|x64.Build.0 = Release|Any CPU
		{D11940D3-2951-4BA4-AAE5-48EAFC82F850}.Release|x86.ActiveCfg = Release|Any CPU
		{D11940D3-2951-4BA4-AAE5-48EAFC82F850}.Release|x86.Build.0 = Release|Any CPU
	EndGlobalSection
	GlobalSection(SolutionProperties) = preSolution
		HideSolutionNode = FALSE
	EndGlobalSection
	GlobalSection(ExtensibilityGlobals) = postSolution
		SolutionGuid = {64B69D4D-EB8E-4B68-BC68-37D8B49495B1}
	EndGlobalSection
EndGlobal
