
Microsoft Visual Studio Solution File, Format Version 12.00
# Visual Studio Version 16
VisualStudioVersion = 16.0.30517.126
MinimumVisualStudioVersion = 10.0.40219.1
Project("{8BC9CEB8-8B4A-11D0-8D11-00A0C91BC942}") = "laba_2", "laba_2.vcxproj", "{6B71A79D-6948-4E74-9478-174FC74ACBAA}"
EndProject
Project("{FAE04EC0-301F-11D3-BF4B-00C04F79EFBC}") = "laba_2_sharp", "..\laba_2_sharp\laba_2_sharp.csproj", "{E94D4F2D-6C59-485A-8833-4BF2D5E0AFEA}"
EndProject
Project("{FAE04EC0-301F-11D3-BF4B-00C04F79EFBC}") = "laba_2_lib", "..\laba_2_lib\laba_2_lib.csproj", "{C0FD2FB9-F545-4633-A8FE-FC3F7DC0E240}"
EndProject
Global
	GlobalSection(SolutionConfigurationPlatforms) = preSolution
		Debug|Any CPU = Debug|Any CPU
		Debug|x64 = Debug|x64
		Debug|x86 = Debug|x86
		Release|Any CPU = Release|Any CPU
		Release|x64 = Release|x64
		Release|x86 = Release|x86
	EndGlobalSection
	GlobalSection(ProjectConfigurationPlatforms) = postSolution
		{6B71A79D-6948-4E74-9478-174FC74ACBAA}.Debug|Any CPU.ActiveCfg = Debug|Win32
		{6B71A79D-6948-4E74-9478-174FC74ACBAA}.Debug|x64.ActiveCfg = Debug|x64
		{6B71A79D-6948-4E74-9478-174FC74ACBAA}.Debug|x64.Build.0 = Debug|x64
		{6B71A79D-6948-4E74-9478-174FC74ACBAA}.Debug|x86.ActiveCfg = Debug|Win32
		{6B71A79D-6948-4E74-9478-174FC74ACBAA}.Debug|x86.Build.0 = Debug|Win32
		{6B71A79D-6948-4E74-9478-174FC74ACBAA}.Release|Any CPU.ActiveCfg = Release|Win32
		{6B71A79D-6948-4E74-9478-174FC74ACBAA}.Release|x64.ActiveCfg = Release|x64
		{6B71A79D-6948-4E74-9478-174FC74ACBAA}.Release|x64.Build.0 = Release|x64
		{6B71A79D-6948-4E74-9478-174FC74ACBAA}.Release|x86.ActiveCfg = Release|Win32
		{6B71A79D-6948-4E74-9478-174FC74ACBAA}.Release|x86.Build.0 = Release|Win32
		{E94D4F2D-6C59-485A-8833-4BF2D5E0AFEA}.Debug|Any CPU.ActiveCfg = Debug|Any CPU
		{E94D4F2D-6C59-485A-8833-4BF2D5E0AFEA}.Debug|Any CPU.Build.0 = Debug|Any CPU
		{E94D4F2D-6C59-485A-8833-4BF2D5E0AFEA}.Debug|x64.ActiveCfg = Debug|Any CPU
		{E94D4F2D-6C59-485A-8833-4BF2D5E0AFEA}.Debug|x64.Build.0 = Debug|Any CPU
		{E94D4F2D-6C59-485A-8833-4BF2D5E0AFEA}.Debug|x86.ActiveCfg = Debug|Any CPU
		{E94D4F2D-6C59-485A-8833-4BF2D5E0AFEA}.Debug|x86.Build.0 = Debug|Any CPU
		{E94D4F2D-6C59-485A-8833-4BF2D5E0AFEA}.Release|Any CPU.ActiveCfg = Release|Any CPU
		{E94D4F2D-6C59-485A-8833-4BF2D5E0AFEA}.Release|Any CPU.Build.0 = Release|Any CPU
		{E94D4F2D-6C59-485A-8833-4BF2D5E0AFEA}.Release|x64.ActiveCfg = Release|Any CPU
		{E94D4F2D-6C59-485A-8833-4BF2D5E0AFEA}.Release|x64.Build.0 = Release|Any CPU
		{E94D4F2D-6C59-485A-8833-4BF2D5E0AFEA}.Release|x86.ActiveCfg = Release|Any CPU
		{E94D4F2D-6C59-485A-8833-4BF2D5E0AFEA}.Release|x86.Build.0 = Release|Any CPU
		{C0FD2FB9-F545-4633-A8FE-FC3F7DC0E240}.Debug|Any CPU.ActiveCfg = Debug|Any CPU
		{C0FD2FB9-F545-4633-A8FE-FC3F7DC0E240}.Debug|Any CPU.Build.0 = Debug|Any CPU
		{C0FD2FB9-F545-4633-A8FE-FC3F7DC0E240}.Debug|x64.ActiveCfg = Debug|Any CPU
		{C0FD2FB9-F545-4633-A8FE-FC3F7DC0E240}.Debug|x64.Build.0 = Debug|Any CPU
		{C0FD2FB9-F545-4633-A8FE-FC3F7DC0E240}.Debug|x86.ActiveCfg = Debug|Any CPU
		{C0FD2FB9-F545-4633-A8FE-FC3F7DC0E240}.Debug|x86.Build.0 = Debug|Any CPU
		{C0FD2FB9-F545-4633-A8FE-FC3F7DC0E240}.Release|Any CPU.ActiveCfg = Release|Any CPU
		{C0FD2FB9-F545-4633-A8FE-FC3F7DC0E240}.Release|Any CPU.Build.0 = Release|Any CPU
		{C0FD2FB9-F545-4633-A8FE-FC3F7DC0E240}.Release|x64.ActiveCfg = Release|Any CPU
		{C0FD2FB9-F545-4633-A8FE-FC3F7DC0E240}.Release|x64.Build.0 = Release|Any CPU
		{C0FD2FB9-F545-4633-A8FE-FC3F7DC0E240}.Release|x86.ActiveCfg = Release|Any CPU
		{C0FD2FB9-F545-4633-A8FE-FC3F7DC0E240}.Release|x86.Build.0 = Release|Any CPU
	EndGlobalSection
	GlobalSection(SolutionProperties) = preSolution
		HideSolutionNode = FALSE
	EndGlobalSection
	GlobalSection(ExtensibilityGlobals) = postSolution
		SolutionGuid = {FA035F05-BF58-42C4-B937-DE9EFB3B2243}
	EndGlobalSection
EndGlobal
